
Microsoft Visual Studio Solution File, Format Version 12.00
# Visual Studio 15
VisualStudioVersion = 15.0.28010.2003
MinimumVisualStudioVersion = 10.0.40219.1
Project("{FAE04EC0-301F-11D3-BF4B-00C04F79EFBC}") = "Salween.Specs", "Salween.Specs\Salween.Specs.csproj", "{97A11377-A2F9-46FB-B1E9-53F2E678840D}"
EndProject
Global
	GlobalSection(SolutionConfigurationPlatforms) = preSolution
		Debug|Any CPU = Debug|Any CPU
		Release|Any CPU = Release|Any CPU
	EndGlobalSection
	GlobalSection(ProjectConfigurationPlatforms) = postSolution
		{97A11377-A2F9-46FB-B1E9-53F2E678840D}.Debug|Any CPU.ActiveCfg = Debug|Any CPU
		{97A11377-A2F9-46FB-B1E9-53F2E678840D}.Debug|Any CPU.Build.0 = Debug|Any CPU
		{97A11377-A2F9-46FB-B1E9-53F2E678840D}.Release|Any CPU.ActiveCfg = Release|Any CPU
		{97A11377-A2F9-46FB-B1E9-53F2E678840D}.Release|Any CPU.Build.0 = Release|Any CPU
	EndGlobalSection
	GlobalSection(SolutionProperties) = preSolution
		HideSolutionNode = FALSE
	EndGlobalSection
	GlobalSection(ExtensibilityGlobals) = postSolution
		SolutionGuid = {E6ACE89E-73A8-4C39-BDBF-36244EABD45D}
	EndGlobalSection
EndGlobal
